<?xml version="1.0" encoding="utf-8"?>
<Project ToolsVersion="4.0" xmlns="http://schemas.microsoft.com/developer/msbuild/2003">
  <ItemGroup>
    <Filter Include="Source Files">
      <UniqueIdentifier>{4FC737F1-C7A5-4376-A066-2A32D752A2FF}</UniqueIdentifier>
      <Extensions>cpp;c;cc;cxx;c++;cppm;ixx;def;odl;idl;hpj;bat;asm;asmx</Extensions>
    </Filter>
    <Filter Include="Header Files">
      <UniqueIdentifier>{93995380-89BD-4b04-88EB-625FBE52EBFB}</UniqueIdentifier>
      <Extensions>h;hh;hpp;hxx;h++;hm;inl;inc;ipp;xsd</Extensions>
    </Filter>
    <Filter Include="Resource Files">
      <UniqueIdentifier>{67DA6AB6-F800-4c08-8B7A-83BB121AAD01}</UniqueIdentifier>
      <Extensions>rc;ico;cur;bmp;dlg;rc2;rct;bin;rgs;gif;jpg;jpeg;jpe;resx;tiff;tif;png;wav;mfcribbon-ms</Extensions>
    </Filter>
    <Filter Include="Header Files\ApplicationTypes">
      <UniqueIdentifier>{b453219b-8e5f-40cf-9ebb-de6bb78234fc}</UniqueIdentifier>
    </Filter>
    <Filter Include="Header Files\GameLogic">
      <UniqueIdentifier>{ed971710-b0d6-4dd8-bc8b-6175ea517549}</UniqueIdentifier>
    </Filter>
    <Filter Include="Source Files\GameLogic">
      <UniqueIdentifier>{40381efb-fb3f-4513-9e7d-f9b25d4af05c}</UniqueIdentifier>
    </Filter>
    <Filter Include="Header Files\RenderAPI">
      <UniqueIdentifier>{eb68654b-98b9-4f8d-befa-b08c088d022e}</UniqueIdentifier>
    </Filter>
    <Filter Include="Source Files\RenderAPI">
      <UniqueIdentifier>{257a70a2-9113-485e-963e-fa1c333a12c7}</UniqueIdentifier>
    </Filter>
    <Filter Include="Header Files\ScreenModules">
      <UniqueIdentifier>{400d62ea-d20e-4997-b765-7cce39cc63da}</UniqueIdentifier>
    </Filter>
    <Filter Include="Source Files\ScreenModules">
      <UniqueIdentifier>{3400860d-88b2-4541-9977-b0bc879a06c2}</UniqueIdentifier>
    </Filter>
    <Filter Include="Header Files\SystemModules">
      <UniqueIdentifier>{423b0fd0-53d7-4cdc-a272-c50b67c83917}</UniqueIdentifier>
    </Filter>
    <Filter Include="Source Files\SystemModules">
      <UniqueIdentifier>{72b82974-01e0-4a21-b8a2-2be99bff4260}</UniqueIdentifier>
    </Filter>
    <Filter Include="Resource Files\audio">
      <UniqueIdentifier>{e48cd8bd-f821-4204-a7b1-d227de65977f}</UniqueIdentifier>
    </Filter>
    <Filter Include="Resource Files\lang">
      <UniqueIdentifier>{9d9d334d-9d56-4dfc-a08e-dab9e227f8da}</UniqueIdentifier>
    </Filter>
    <Filter Include="Resource Files\images">
      <UniqueIdentifier>{402f836f-01b5-4fa2-a7e6-c8cb60db7954}</UniqueIdentifier>
    </Filter>
  </ItemGroup>
  <ItemGroup>
    <None Include="README.md" />
    <None Include="Asset\config.ini">
      <Filter>Resource Files</Filter>
    </None>
  </ItemGroup>
  <ItemGroup>
    <ClInclude Include="ApplicationTypes\GameConfig.h">
      <Filter>Header Files\ApplicationTypes</Filter>
    </ClInclude>
    <ClInclude Include="ApplicationTypes\GameState.h">
      <Filter>Header Files\ApplicationTypes</Filter>
    </ClInclude>
    <ClInclude Include="ApplicationTypes\PlayState.h">
      <Filter>Header Files\ApplicationTypes</Filter>
    </ClInclude>
    <ClInclude Include="GameLogic\MatchRules.h">
      <Filter>Header Files\GameLogic</Filter>
    </ClInclude>
    <ClInclude Include="GameLogic\AI_PvE.h">
      <Filter>Header Files\GameLogic</Filter>
    </ClInclude>
    <ClInclude Include="GameLogic\StateUpdater.h">
      <Filter>Header Files\GameLogic</Filter>
    </ClInclude>
    <ClInclude Include="RenderAPI\Renderer.h">
      <Filter>Header Files\RenderAPI</Filter>
    </ClInclude>
    <ClInclude Include="RenderAPI\UIComponents.h">
      <Filter>Header Files\RenderAPI</Filter>
    </ClInclude>
    <ClInclude Include="ScreenModules\AboutScreen.h">
      <Filter>Header Files\ScreenModules</Filter>
    </ClInclude>
    <ClInclude Include="ScreenModules\LoadGameScreen.h">
      <Filter>Header Files\ScreenModules</Filter>
    </ClInclude>
    <ClInclude Include="ScreenModules\MenuScreen.h">
      <Filter>Header Files\ScreenModules</Filter>
    </ClInclude>
    <ClInclude Include="ScreenModules\PlayScreen.h">
      <Filter>Header Files\ScreenModules</Filter>
    </ClInclude>
    <ClInclude Include="ScreenModules\SettingScreen.h">
      <Filter>Header Files\ScreenModules</Filter>
    </ClInclude>
    <ClInclude Include="SystemModules\AudioSystem.h">
      <Filter>Header Files\SystemModules</Filter>
    </ClInclude>
    <ClInclude Include="SystemModules\ConfigLoader.h">
      <Filter>Header Files\SystemModules</Filter>
    </ClInclude>
    <ClInclude Include="SystemModules\Localization.h">
      <Filter>Header Files\SystemModules</Filter>
    </ClInclude>
    <ClInclude Include="SystemModules\TimeSystem.h">
      <Filter>Header Files\SystemModules</Filter>
    </ClInclude>
    <ClInclude Include="ScreenModules\GuildScreen.h">
      <Filter>Header Files\ScreenModules</Filter>
    </ClInclude>
    <ClInclude Include="SystemModules\SaveLoadSystem.h">
      <Filter>Header Files\SystemModules</Filter>
    </ClInclude>
    <ClInclude Include="RenderAPI\Colours.h">
      <Filter>Header Files\RenderAPI</Filter>
    </ClInclude>
  </ItemGroup>
  <ItemGroup>
    <ClCompile Include="GameLogic\MatchRules.cpp">
      <Filter>Source Files\GameLogic</Filter>
    </ClCompile>
    <ClCompile Include="GameLogic\AI_PvE.cpp">
      <Filter>Source Files\GameLogic</Filter>
    </ClCompile>
    <ClCompile Include="GameLogic\StateUpdater.cpp">
      <Filter>Source Files\GameLogic</Filter>
    </ClCompile>
    <ClCompile Include="RenderAPI\Renderer.cpp">
      <Filter>Source Files\RenderAPI</Filter>
    </ClCompile>
    <ClCompile Include="RenderAPI\UIComponents.cpp">
      <Filter>Source Files\RenderAPI</Filter>
    </ClCompile>
    <ClCompile Include="ScreenModules\AboutScreen.cpp">
      <Filter>Source Files\ScreenModules</Filter>
    </ClCompile>
    <ClCompile Include="ScreenModules\LoadGameScreen.cpp">
      <Filter>Source Files\ScreenModules</Filter>
    </ClCompile>
    <ClCompile Include="ScreenModules\MenuScreen.cpp">
      <Filter>Source Files\ScreenModules</Filter>
    </ClCompile>
    <ClCompile Include="ScreenModules\PlayScreen.cpp">
      <Filter>Source Files\ScreenModules</Filter>
    </ClCompile>
    <ClCompile Include="ScreenModules\SettingScreen.cpp">
      <Filter>Source Files\ScreenModules</Filter>
    </ClCompile>
    <ClCompile Include="SystemModules\AudioSystem.cpp">
      <Filter>Source Files\SystemModules</Filter>
    </ClCompile>
    <ClCompile Include="SystemModules\ConfigLoader.cpp">
      <Filter>Source Files\SystemModules</Filter>
    </ClCompile>
    <ClCompile Include="SystemModules\Localization.cpp">
      <Filter>Source Files\SystemModules</Filter>
    </ClCompile>
    <ClCompile Include="SystemModules\TimeSystem.cpp">
      <Filter>Source Files\SystemModules</Filter>
    </ClCompile>
    <ClCompile Include="main.cpp">
      <Filter>Source Files</Filter>
    </ClCompile>
    <ClCompile Include="ScreenModules\GuildScreen.cpp">
      <Filter>Source Files\ScreenModules</Filter>
    </ClCompile>
    <ClCompile Include="SystemModules\SaveLoadSystem.cpp">
      <Filter>Source Files\SystemModules</Filter>
    </ClCompile>
  </ItemGroup>
  <ItemGroup>
    <Text Include="Asset\lang\en.txt">
      <Filter>Resource Files\lang</Filter>
    </Text>
    <Text Include="Asset\lang\vi.txt">
      <Filter>Resource Files\lang</Filter>
    </Text>
  </ItemGroup>
  <ItemGroup>
    <Image Include="Asset\images\o.png">
      <Filter>Resource Files\images</Filter>
    </Image>
    <Image Include="Asset\images\x.png">
      <Filter>Resource Files\images</Filter>
    </Image>
  </ItemGroup>
</Project>