<?xml version="1.0" encoding="utf-8"?>
<Project ToolsVersion="4.0" xmlns="http://schemas.microsoft.com/developer/msbuild/2003">
  <ItemGroup>
    <Filter Include="GameLogic">
      <UniqueIdentifier>{fd98c714-96d0-4cc6-9fa2-b8ab3c43d3b1}</UniqueIdentifier>
    </Filter>
    <Filter Include="SystemModules">
      <UniqueIdentifier>{3392c8f1-e747-44d1-8363-93fae8e72d86}</UniqueIdentifier>
    </Filter>
    <Filter Include="RenderAPI">
      <UniqueIdentifier>{ebf90cc9-3cf4-43d6-99ad-a80693f535dc}</UniqueIdentifier>
    </Filter>
    <Filter Include="ApplicationTypes">
      <UniqueIdentifier>{8f49e6d2-a2d0-4a68-8ecf-26f26882f089}</UniqueIdentifier>
    </Filter>
    <Filter Include="Asset">
      <UniqueIdentifier>{7e7e28a3-6055-48bd-a0d4-e8cc39b1112c}</UniqueIdentifier>
    </Filter>
    <Filter Include="ScreenModules">
      <UniqueIdentifier>{233625c2-94b0-4244-bdcf-1d52c4ec2c89}</UniqueIdentifier>
    </Filter>
    <Filter Include="Asset\images">
      <UniqueIdentifier>{5dfd7986-1a13-4f45-b16e-d56aeba2b10b}</UniqueIdentifier>
    </Filter>
    <Filter Include="Asset\audio">
      <UniqueIdentifier>{b0b6f301-a9f2-44b8-9714-583798bc2b87}</UniqueIdentifier>
    </Filter>
    <Filter Include="Asset\lang">
      <UniqueIdentifier>{27ad0ed5-b95f-49f2-a240-2f56134b8185}</UniqueIdentifier>
    </Filter>
    <Filter Include="Asset\models">
      <UniqueIdentifier>{6f302024-ccc9-43ab-87ea-0d56136f6b35}</UniqueIdentifier>
    </Filter>
    <Filter Include="Asset\models\avt_00">
      <UniqueIdentifier>{7f7e28a3-6055-48bd-a0d4-e8cc39b1112d}</UniqueIdentifier>
    </Filter>
    <Filter Include="Asset\models\avt_01">
      <UniqueIdentifier>{8f7e28a3-6055-48bd-a0d4-e8cc39b1112e}</UniqueIdentifier>
    </Filter>
    <Filter Include="Asset\models\avt_02">
      <UniqueIdentifier>{9f7e28a3-6055-48bd-a0d4-e8cc39b1112f}</UniqueIdentifier>
    </Filter>
    <Filter Include="Asset\models\avt_00\idle">
      <UniqueIdentifier>{6a8afd34-f183-43b3-90e7-81a38855b992}</UniqueIdentifier>
    </Filter>
    <Filter Include="Asset\models\avt_00\run">
      <UniqueIdentifier>{4dfe3973-8b11-43d1-a2e2-1aae8fb0d6d1}</UniqueIdentifier>
    </Filter>
    <Filter Include="Asset\models\avt_00\sad">
      <UniqueIdentifier>{f67b523d-f60e-44b5-b20d-baac88f6aa5f}</UniqueIdentifier>
    </Filter>
    <Filter Include="Asset\models\avt_00\win">
      <UniqueIdentifier>{ae0ed2f1-35f1-4a11-93cc-c8cb0f83845c}</UniqueIdentifier>
    </Filter>
    <Filter Include="Asset\models\avt_01\idle">
      <UniqueIdentifier>{556e73b1-bc55-4f1c-9f48-32958de6a6aa}</UniqueIdentifier>
    </Filter>
    <Filter Include="Asset\models\avt_01\run">
      <UniqueIdentifier>{cc7012b3-7fa8-4949-8197-35a7f1fd6a5e}</UniqueIdentifier>
    </Filter>
    <Filter Include="Asset\models\avt_01\sad">
      <UniqueIdentifier>{ba4bbc7e-98fc-4465-8579-4593d2133de2}</UniqueIdentifier>
    </Filter>
    <Filter Include="Asset\models\avt_01\win">
      <UniqueIdentifier>{e4cb1ae7-e0ae-4b4c-9cf6-48db94876700}</UniqueIdentifier>
    </Filter>
    <Filter Include="Asset\models\avt_02\idle">
      <UniqueIdentifier>{48f42034-bcba-4509-96c3-d6e058b70038}</UniqueIdentifier>
    </Filter>
    <Filter Include="Asset\models\avt_02\run">
      <UniqueIdentifier>{0c619f62-2d88-4dc7-b12d-f3036d5ec24d}</UniqueIdentifier>
    </Filter>
    <Filter Include="Asset\models\avt_02\sad">
      <UniqueIdentifier>{89eb7989-abf4-47e3-8f28-d8fa9fe7a93c}</UniqueIdentifier>
    </Filter>
    <Filter Include="Asset\models\avt_02\win">
      <UniqueIdentifier>{e6ba922a-069f-4c0f-82aa-76ab013c9e74}</UniqueIdentifier>
    </Filter>
    <Filter Include="Asset\models\bg">
      <UniqueIdentifier>{1f7e28a3-6055-48bd-a0d4-e8cc39b11131}</UniqueIdentifier>
    </Filter>
    <Filter Include="Asset\font">
      <UniqueIdentifier>{689f72e1-9530-4aeb-83f2-7ab07f7d7844}</UniqueIdentifier>
    </Filter>
  </ItemGroup>
  <ItemGroup>
    <ClInclude Include="ApplicationTypes\GameConfig.h">
      <Filter>ApplicationTypes</Filter>
    </ClInclude>
    <ClInclude Include="ApplicationTypes\GameConstants.h">
      <Filter>ApplicationTypes</Filter>
    </ClInclude>
    <ClInclude Include="ApplicationTypes\GameState.h">
      <Filter>ApplicationTypes</Filter>
    </ClInclude>
    <ClInclude Include="ApplicationTypes\PlayState.h">
      <Filter>ApplicationTypes</Filter>
    </ClInclude>
    <ClInclude Include="GameLogic\BotAI.h">
      <Filter>GameLogic</Filter>
    </ClInclude>
    <ClInclude Include="GameLogic\GameEngine.h">
      <Filter>GameLogic</Filter>
    </ClInclude>
    <ClInclude Include="GameLogic\GameRules.h">
      <Filter>GameLogic</Filter>
    </ClInclude>
    <ClInclude Include="RenderAPI\Renderer.h">
      <Filter>RenderAPI</Filter>
    </ClInclude>
    <ClInclude Include="RenderAPI\Colours.h">
      <Filter>RenderAPI</Filter>
    </ClInclude>
    <ClInclude Include="RenderAPI\UIComponents.h">
      <Filter>RenderAPI</Filter>
    </ClInclude>
    <ClInclude Include="RenderAPI\UIScaler.h">
      <Filter>RenderAPI</Filter>
    </ClInclude>
    <ClInclude Include="ScreenModules\AboutScreen.h">
      <Filter>ScreenModules</Filter>
    </ClInclude>
    <ClInclude Include="ScreenModules\GuildScreen.h">
      <Filter>ScreenModules</Filter>
    </ClInclude>
    <ClInclude Include="ScreenModules\LoadGameScreen.h">
      <Filter>ScreenModules</Filter>
    </ClInclude>
    <ClInclude Include="ScreenModules\MenuScreen.h">
      <Filter>ScreenModules</Filter>
    </ClInclude>
    <ClInclude Include="ScreenModules\PlayScreen.h">
      <Filter>ScreenModules</Filter>
    </ClInclude>
    <ClInclude Include="ScreenModules\SettingScreen.h">
      <Filter>ScreenModules</Filter>
    </ClInclude>
    <ClInclude Include="SystemModules\AudioSystem.h">
      <Filter>SystemModules</Filter>
    </ClInclude>
    <ClInclude Include="SystemModules\ConfigLoader.h">
      <Filter>SystemModules</Filter>
    </ClInclude>
    <ClInclude Include="SystemModules\Localization.h">
      <Filter>SystemModules</Filter>
    </ClInclude>
    <ClInclude Include="SystemModules\SaveLoadSystem.h">
      <Filter>SystemModules</Filter>
    </ClInclude>
    <ClInclude Include="SystemModules\TimeSystem.h">
      <Filter>SystemModules</Filter>
    </ClInclude>
    <ClInclude Include="ScreenModules\MatchConfigScreen.h">
      <Filter>ScreenModules</Filter>
    </ClInclude>
    <ClInclude Include="GameLogic\PlayerEngineer.h">
      <Filter>GameLogic</Filter>
    </ClInclude>
  </ItemGroup>
  <ItemGroup>
    <ClCompile Include="GameLogic\BotAI.cpp">
      <Filter>GameLogic</Filter>
    </ClCompile>
    <ClCompile Include="GameLogic\GameEngine.cpp">
      <Filter>GameLogic</Filter>
    </ClCompile>
    <ClCompile Include="GameLogic\GameRules.cpp">
      <Filter>GameLogic</Filter>
    </ClCompile>
    <ClCompile Include="RenderAPI\Renderer.cpp">
      <Filter>RenderAPI</Filter>
    </ClCompile>
    <ClCompile Include="RenderAPI\UIComponents.cpp">
      <Filter>RenderAPI</Filter>
    </ClCompile>
    <ClCompile Include="RenderAPI\UIScaler.cpp">
      <Filter>RenderAPI</Filter>
    </ClCompile>
    <ClCompile Include="ScreenModules\AboutScreen.cpp">
      <Filter>ScreenModules</Filter>
    </ClCompile>
    <ClCompile Include="ScreenModules\GuildScreen.cpp">
      <Filter>ScreenModules</Filter>
    </ClCompile>
    <ClCompile Include="ScreenModules\LoadGameScreen.cpp">
      <Filter>ScreenModules</Filter>
    </ClCompile>
    <ClCompile Include="ScreenModules\MenuScreen.cpp">
      <Filter>ScreenModules</Filter>
    </ClCompile>
    <ClCompile Include="ScreenModules\PlayScreen.cpp">
      <Filter>ScreenModules</Filter>
    </ClCompile>
    <ClCompile Include="ScreenModules\SettingScreen.cpp">
      <Filter>ScreenModules</Filter>
    </ClCompile>
    <ClCompile Include="SystemModules\AudioSystem.cpp">
      <Filter>SystemModules</Filter>
    </ClCompile>
    <ClCompile Include="SystemModules\ConfigLoader.cpp">
      <Filter>SystemModules</Filter>
    </ClCompile>
    <ClCompile Include="SystemModules\Localization.cpp">
      <Filter>SystemModules</Filter>
    </ClCompile>
    <ClCompile Include="SystemModules\SaveLoadSystem.cpp">
      <Filter>SystemModules</Filter>
    </ClCompile>
    <ClCompile Include="SystemModules\TimeSystem.cpp">
      <Filter>SystemModules</Filter>
    </ClCompile>
    <ClCompile Include="main.cpp" />
    <ClCompile Include="ScreenModules\MatchConfigScreen.cpp">
      <Filter>ScreenModules</Filter>
    </ClCompile>
    <ClCompile Include="GameLogic\PlayerEngineer.cpp">
      <Filter>GameLogic</Filter>
    </ClCompile>
    <ClCompile Include="RenderAPI\Colours.cpp">
      <Filter>RenderAPI</Filter>
    </ClCompile>
  </ItemGroup>
  <ItemGroup>
    <None Include="Asset\config.ini">
      <Filter>Asset</Filter>
    </None>
    <None Include="..\README.md" />
  </ItemGroup>
  <ItemGroup>
    <Media Include="Asset\audio\c1.mp3">
      <Filter>Asset\audio</Filter>
    </Media>
    <Media Include="Asset\audio\DatCo.wav">
      <Filter>Asset\audio</Filter>
    </Media>
    <Media Include="Asset\audio\MatLuot.wav">
      <Filter>Asset\audio</Filter>
    </Media>
    <Media Include="Asset\audio\move.wav">
      <Filter>Asset\audio</Filter>
    </Media>
    <Media Include="Asset\audio\select.wav">
      <Filter>Asset\audio</Filter>
    </Media>
    <Media Include="Asset\audio\siuuu.wav">
      <Filter>Asset\audio</Filter>
    </Media>
    <Media Include="Asset\audio\Tiengcoi.wav">
      <Filter>Asset\audio</Filter>
    </Media>
    <Media Include="Asset\audio\TiengKhanGia_Het_Tran.wav">
      <Filter>Asset\audio</Filter>
    </Media>
  </ItemGroup>
  <ItemGroup>
    <Text Include="Asset\lang\en.txt">
      <Filter>Asset\lang</Filter>
    </Text>
    <Text Include="Asset\lang\vi.txt">
      <Filter>Asset\lang</Filter>
    </Text>
    <Text Include="Asset\models\bg\badge.txt">
      <Filter>Asset\models\bg</Filter>
    </Text>
    <Text Include="Asset\models\bg\balloon.txt">
      <Filter>Asset\models\bg</Filter>
    </Text>
    <Text Include="Asset\models\bg\cassette.txt">
      <Filter>Asset\models\bg</Filter>
    </Text>
    <Text Include="Asset\models\bg\clock.txt">
      <Filter>Asset\models\bg</Filter>
    </Text>
    <Text Include="Asset\models\bg\cloud.txt">
      <Filter>Asset\models\bg</Filter>
    </Text>
    <Text Include="Asset\models\bg\football.txt">
      <Filter>Asset\models\bg</Filter>
    </Text>
    <Text Include="Asset\models\bg\gears.txt">
      <Filter>Asset\models\bg</Filter>
    </Text>
    <Text Include="Asset\models\bg\history_pitch.txt">
      <Filter>Asset\models\bg</Filter>
    </Text>
    <Text Include="Asset\models\bg\title_caro.txt">
      <Filter>Asset\models\bg</Filter>
    </Text>
    <Text Include="Asset\models\bg\trophy.txt">
      <Filter>Asset\models\bg</Filter>
    </Text>
    <Text Include="Asset\models\bg\whistle.txt">
      <Filter>Asset\models\bg</Filter>
    </Text>
    <Text Include="Asset\models\avt_00\avt.txt">
      <Filter>Asset\models\avt_00</Filter>
    </Text>
    <Text Include="Asset\models\avt_00\idle\f_0.txt">
      <Filter>Asset\models\avt_00\idle</Filter>
    </Text>
    <Text Include="Asset\models\avt_00\idle\f_1.txt">
      <Filter>Asset\models\avt_00\idle</Filter>
    </Text>
    <Text Include="Asset\models\avt_00\idle\f_2.txt">
      <Filter>Asset\models\avt_00\idle</Filter>
    </Text>
    <Text Include="Asset\models\avt_00\idle\f_3.txt">
      <Filter>Asset\models\avt_00\idle</Filter>
    </Text>
    <Text Include="Asset\models\avt_00\run\f_0.txt">
      <Filter>Asset\models\avt_00\run</Filter>
    </Text>
    <Text Include="Asset\models\avt_00\run\f_1.txt">
      <Filter>Asset\models\avt_00\run</Filter>
    </Text>
    <Text Include="Asset\models\avt_00\run\f_2.txt">
      <Filter>Asset\models\avt_00\run</Filter>
    </Text>
    <Text Include="Asset\models\avt_00\run\f_3.txt">
      <Filter>Asset\models\avt_00\run</Filter>
    </Text>
    <Text Include="Asset\models\avt_00\sad\f_0.txt">
      <Filter>Asset\models\avt_00\sad</Filter>
    </Text>
    <Text Include="Asset\models\avt_00\sad\f_1.txt">
      <Filter>Asset\models\avt_00\sad</Filter>
    </Text>
    <Text Include="Asset\models\avt_00\sad\f_2.txt">
      <Filter>Asset\models\avt_00\sad</Filter>
    </Text>
    <Text Include="Asset\models\avt_00\sad\f_3.txt">
      <Filter>Asset\models\avt_00\sad</Filter>
    </Text>
    <Text Include="Asset\models\avt_00\win\f_0.txt">
      <Filter>Asset\models\avt_00\win</Filter>
    </Text>
    <Text Include="Asset\models\avt_00\win\f_1.txt">
      <Filter>Asset\models\avt_00\win</Filter>
    </Text>
    <Text Include="Asset\models\avt_00\win\f_2.txt">
      <Filter>Asset\models\avt_00\win</Filter>
    </Text>
    <Text Include="Asset\models\avt_00\win\f_3.txt">
      <Filter>Asset\models\avt_00\win</Filter>
    </Text>
    <Text Include="Asset\models\avt_01\avt.txt">
      <Filter>Asset\models\avt_01</Filter>
    </Text>
    <Text Include="Asset\models\avt_01\idle\f_0.txt">
      <Filter>Asset\models\avt_01\idle</Filter>
    </Text>
    <Text Include="Asset\models\avt_01\idle\f_1.txt">
      <Filter>Asset\models\avt_01\idle</Filter>
    </Text>
    <Text Include="Asset\models\avt_01\idle\f_2.txt">
      <Filter>Asset\models\avt_01\idle</Filter>
    </Text>
    <Text Include="Asset\models\avt_01\idle\f_3.txt">
      <Filter>Asset\models\avt_01\idle</Filter>
    </Text>
    <Text Include="Asset\models\avt_01\run\f_0.txt">
      <Filter>Asset\models\avt_01\run</Filter>
    </Text>
    <Text Include="Asset\models\avt_01\run\f_1.txt">
      <Filter>Asset\models\avt_01\run</Filter>
    </Text>
    <Text Include="Asset\models\avt_01\run\f_2.txt">
      <Filter>Asset\models\avt_01\run</Filter>
    </Text>
    <Text Include="Asset\models\avt_01\run\f_3.txt">
      <Filter>Asset\models\avt_01\run</Filter>
    </Text>
    <Text Include="Asset\models\avt_01\sad\f_0.txt">
      <Filter>Asset\models\avt_01\sad</Filter>
    </Text>
    <Text Include="Asset\models\avt_01\sad\f_1.txt">
      <Filter>Asset\models\avt_01\sad</Filter>
    </Text>
    <Text Include="Asset\models\avt_01\sad\f_2.txt">
      <Filter>Asset\models\avt_01\sad</Filter>
    </Text>
    <Text Include="Asset\models\avt_01\sad\f_3.txt">
      <Filter>Asset\models\avt_01\sad</Filter>
    </Text>
    <Text Include="Asset\models\avt_01\win\f_0.txt">
      <Filter>Asset\models\avt_01\win</Filter>
    </Text>
    <Text Include="Asset\models\avt_01\win\f_1.txt">
      <Filter>Asset\models\avt_01\win</Filter>
    </Text>
    <Text Include="Asset\models\avt_01\win\f_2.txt">
      <Filter>Asset\models\avt_01\win</Filter>
    </Text>
    <Text Include="Asset\models\avt_01\win\f_3.txt">
      <Filter>Asset\models\avt_01\win</Filter>
    </Text>
    <Text Include="Asset\models\avt_02\avt.txt">
      <Filter>Asset\models\avt_02</Filter>
    </Text>
    <Text Include="Asset\models\avt_02\idle\f_0.txt">
      <Filter>Asset\models\avt_02\idle</Filter>
    </Text>
    <Text Include="Asset\models\avt_02\idle\f_1.txt">
      <Filter>Asset\models\avt_02\idle</Filter>
    </Text>
    <Text Include="Asset\models\avt_02\idle\f_2.txt">
      <Filter>Asset\models\avt_02\idle</Filter>
    </Text>
    <Text Include="Asset\models\avt_02\idle\f_3.txt">
      <Filter>Asset\models\avt_02\idle</Filter>
    </Text>
    <Text Include="Asset\models\avt_02\run\f_0.txt">
      <Filter>Asset\models\avt_02\run</Filter>
    </Text>
    <Text Include="Asset\models\avt_02\run\f_1.txt">
      <Filter>Asset\models\avt_02\run</Filter>
    </Text>
    <Text Include="Asset\models\avt_02\run\f_2.txt">
      <Filter>Asset\models\avt_02\run</Filter>
    </Text>
    <Text Include="Asset\models\avt_02\run\f_3.txt">
      <Filter>Asset\models\avt_02\run</Filter>
    </Text>
    <Text Include="Asset\models\avt_02\sad\f_0.txt">
      <Filter>Asset\models\avt_02\sad</Filter>
    </Text>
    <Text Include="Asset\models\avt_02\sad\f_1.txt">
      <Filter>Asset\models\avt_02\sad</Filter>
    </Text>
    <Text Include="Asset\models\avt_02\sad\f_2.txt">
      <Filter>Asset\models\avt_02\sad</Filter>
    </Text>
    <Text Include="Asset\models\avt_02\sad\f_3.txt">
      <Filter>Asset\models\avt_02\sad</Filter>
    </Text>
    <Text Include="Asset\models\avt_02\win\f_0.txt">
      <Filter>Asset\models\avt_02\win</Filter>
    </Text>
    <Text Include="Asset\models\avt_02\win\f_1.txt">
      <Filter>Asset\models\avt_02\win</Filter>
    </Text>
    <Text Include="Asset\models\avt_02\win\f_2.txt">
      <Filter>Asset\models\avt_02\win</Filter>
    </Text>
    <Text Include="Asset\models\avt_02\win\f_3.txt">
      <Filter>Asset\models\avt_02\win</Filter>
    </Text>
    <Text Include="Asset\font\VT323\OFL.txt">
      <Filter>Asset\font</Filter>
    </Text>
  </ItemGroup>
  <ItemGroup>
    <Font Include="Asset\font\VT323\VT323-Regular.ttf">
      <Filter>Asset\font</Filter>
    </Font>
  </ItemGroup>
</Project>